// !$*UTF8*$!
{
	archiveVersion = 1;
	classes = {
	};
	objectVersion = 46;
	objects = {

/* Begin PBXBuildFile section */
		648403FB3A58A255E0D649ED /* Pods_BSCalendarViewSample.framework in Frameworks */ = {isa = PBXBuildFile; fileRef = FD87B79ECEBA0628CC9E1D8F /* Pods_BSCalendarViewSample.framework */; };
		84A5675E1D02BC5F007EC435 /* BSFallDownViewController.swift in Sources */ = {isa = PBXBuildFile; fileRef = 84A5675D1D02BC5F007EC435 /* BSFallDownViewController.swift */; };
		84BDB18F1CEF559F00D65C8F /* AppDelegate.swift in Sources */ = {isa = PBXBuildFile; fileRef = 84BDB18E1CEF559F00D65C8F /* AppDelegate.swift */; };
		84BDB1911CEF559F00D65C8F /* ViewController.swift in Sources */ = {isa = PBXBuildFile; fileRef = 84BDB1901CEF559F00D65C8F /* ViewController.swift */; };
		84BDB1941CEF559F00D65C8F /* Main.storyboard in Resources */ = {isa = PBXBuildFile; fileRef = 84BDB1921CEF559F00D65C8F /* Main.storyboard */; };
		84BDB1961CEF559F00D65C8F /* Assets.xcassets in Resources */ = {isa = PBXBuildFile; fileRef = 84BDB1951CEF559F00D65C8F /* Assets.xcassets */; };
		84BDB1991CEF559F00D65C8F /* LaunchScreen.storyboard in Resources */ = {isa = PBXBuildFile; fileRef = 84BDB1971CEF559F00D65C8F /* LaunchScreen.storyboard */; };
		84BDB1AA1CEF564500D65C8F /* BSCalendarDayCollectionCell.swift in Sources */ = {isa = PBXBuildFile; fileRef = 84BDB1A11CEF564500D65C8F /* BSCalendarDayCollectionCell.swift */; };
		84BDB1AB1CEF564500D65C8F /* BSCalendarDayCollectionReusableHeaderView.swift in Sources */ = {isa = PBXBuildFile; fileRef = 84BDB1A21CEF564500D65C8F /* BSCalendarDayCollectionReusableHeaderView.swift */; };
		84BDB1AC1CEF564500D65C8F /* BSCalendarDayItem.swift in Sources */ = {isa = PBXBuildFile; fileRef = 84BDB1A31CEF564500D65C8F /* BSCalendarDayItem.swift */; };
		84BDB1AD1CEF564500D65C8F /* BSCalendarItemManager.swift in Sources */ = {isa = PBXBuildFile; fileRef = 84BDB1A41CEF564500D65C8F /* BSCalendarItemManager.swift */; };
		84BDB1AE1CEF564500D65C8F /* BSCalendarMonthCollectionCell.swift in Sources */ = {isa = PBXBuildFile; fileRef = 84BDB1A51CEF564500D65C8F /* BSCalendarMonthCollectionCell.swift */; };
		84BDB1AF1CEF564500D65C8F /* BSCalendarMonthItem.swift in Sources */ = {isa = PBXBuildFile; fileRef = 84BDB1A61CEF564500D65C8F /* BSCalendarMonthItem.swift */; };
		84BDB1B01CEF564500D65C8F /* BSCalendarView.swift in Sources */ = {isa = PBXBuildFile; fileRef = 84BDB1A71CEF564500D65C8F /* BSCalendarView.swift */; };
		84BDB1B21CEF564500D65C8F /* UIView+BSExt.swift in Sources */ = {isa = PBXBuildFile; fileRef = 84BDB1A91CEF564500D65C8F /* UIView+BSExt.swift */; };
		84BDB1B61CEFF13200D65C8F /* BSTableViewController.swift in Sources */ = {isa = PBXBuildFile; fileRef = 84BDB1B51CEFF13200D65C8F /* BSTableViewController.swift */; };
		84BDB1B81CEFF13D00D65C8F /* BSViewController.swift in Sources */ = {isa = PBXBuildFile; fileRef = 84BDB1B71CEFF13D00D65C8F /* BSViewController.swift */; };
		84F15F261CFFD1E300B718F9 /* NSDate+BSExt.swift in Sources */ = {isa = PBXBuildFile; fileRef = 84F15F251CFFD1E300B718F9 /* NSDate+BSExt.swift */; };
/* End PBXBuildFile section */

/* Begin PBXFileReference section */
		84A5675D1D02BC5F007EC435 /* BSFallDownViewController.swift */ = {isa = PBXFileReference; fileEncoding = 4; lastKnownFileType = sourcecode.swift; path = BSFallDownViewController.swift; sourceTree = "<group>"; };
		84BDB18B1CEF559F00D65C8F /* BSCalendarViewSample.app */ = {isa = PBXFileReference; explicitFileType = wrapper.application; includeInIndex = 0; path = BSCalendarViewSample.app; sourceTree = BUILT_PRODUCTS_DIR; };
		84BDB18E1CEF559F00D65C8F /* AppDelegate.swift */ = {isa = PBXFileReference; lastKnownFileType = sourcecode.swift; path = AppDelegate.swift; sourceTree = "<group>"; };
		84BDB1901CEF559F00D65C8F /* ViewController.swift */ = {isa = PBXFileReference; lastKnownFileType = sourcecode.swift; path = ViewController.swift; sourceTree = "<group>"; };
		84BDB1931CEF559F00D65C8F /* Base */ = {isa = PBXFileReference; lastKnownFileType = file.storyboard; name = Base; path = Base.lproj/Main.storyboard; sourceTree = "<group>"; };
		84BDB1951CEF559F00D65C8F /* Assets.xcassets */ = {isa = PBXFileReference; lastKnownFileType = folder.assetcatalog; path = Assets.xcassets; sourceTree = "<group>"; };
		84BDB1981CEF559F00D65C8F /* Base */ = {isa = PBXFileReference; lastKnownFileType = file.storyboard; name = Base; path = Base.lproj/LaunchScreen.storyboard; sourceTree = "<group>"; };
		84BDB19A1CEF559F00D65C8F /* Info.plist */ = {isa = PBXFileReference; lastKnownFileType = text.plist.xml; path = Info.plist; sourceTree = "<group>"; };
		84BDB1A11CEF564500D65C8F /* BSCalendarDayCollectionCell.swift */ = {isa = PBXFileReference; fileEncoding = 4; lastKnownFileType = sourcecode.swift; path = BSCalendarDayCollectionCell.swift; sourceTree = "<group>"; };
		84BDB1A21CEF564500D65C8F /* BSCalendarDayCollectionReusableHeaderView.swift */ = {isa = PBXFileReference; fileEncoding = 4; lastKnownFileType = sourcecode.swift; path = BSCalendarDayCollectionReusableHeaderView.swift; sourceTree = "<group>"; };
		84BDB1A31CEF564500D65C8F /* BSCalendarDayItem.swift */ = {isa = PBXFileReference; fileEncoding = 4; lastKnownFileType = sourcecode.swift; path = BSCalendarDayItem.swift; sourceTree = "<group>"; };
		84BDB1A41CEF564500D65C8F /* BSCalendarItemManager.swift */ = {isa = PBXFileReference; fileEncoding = 4; lastKnownFileType = sourcecode.swift; path = BSCalendarItemManager.swift; sourceTree = "<group>"; };
		84BDB1A51CEF564500D65C8F /* BSCalendarMonthCollectionCell.swift */ = {isa = PBXFileReference; fileEncoding = 4; lastKnownFileType = sourcecode.swift; path = BSCalendarMonthCollectionCell.swift; sourceTree = "<group>"; };
		84BDB1A61CEF564500D65C8F /* BSCalendarMonthItem.swift */ = {isa = PBXFileReference; fileEncoding = 4; lastKnownFileType = sourcecode.swift; path = BSCalendarMonthItem.swift; sourceTree = "<group>"; };
		84BDB1A71CEF564500D65C8F /* BSCalendarView.swift */ = {isa = PBXFileReference; fileEncoding = 4; lastKnownFileType = sourcecode.swift; path = BSCalendarView.swift; sourceTree = "<group>"; };
		84BDB1A91CEF564500D65C8F /* UIView+BSExt.swift */ = {isa = PBXFileReference; fileEncoding = 4; lastKnownFileType = sourcecode.swift; path = "UIView+BSExt.swift"; sourceTree = "<group>"; };
		84BDB1B51CEFF13200D65C8F /* BSTableViewController.swift */ = {isa = PBXFileReference; fileEncoding = 4; lastKnownFileType = sourcecode.swift; path = BSTableViewController.swift; sourceTree = "<group>"; };
		84BDB1B71CEFF13D00D65C8F /* BSViewController.swift */ = {isa = PBXFileReference; fileEncoding = 4; lastKnownFileType = sourcecode.swift; path = BSViewController.swift; sourceTree = "<group>"; };
		84F15F251CFFD1E300B718F9 /* NSDate+BSExt.swift */ = {isa = PBXFileReference; fileEncoding = 4; lastKnownFileType = sourcecode.swift; path = "NSDate+BSExt.swift"; sourceTree = "<group>"; };
		89838B4EB26D6886EDF3A9C4 /* Pods-BSCalendarViewSample.release.xcconfig */ = {isa = PBXFileReference; includeInIndex = 1; lastKnownFileType = text.xcconfig; name = "Pods-BSCalendarViewSample.release.xcconfig"; path = "Pods/Target Support Files/Pods-BSCalendarViewSample/Pods-BSCalendarViewSample.release.xcconfig"; sourceTree = "<group>"; };
		DD14B6C61C7738F5A94F97A3 /* Pods-BSCalendarViewSample.debug.xcconfig */ = {isa = PBXFileReference; includeInIndex = 1; lastKnownFileType = text.xcconfig; name = "Pods-BSCalendarViewSample.debug.xcconfig"; path = "Pods/Target Support Files/Pods-BSCalendarViewSample/Pods-BSCalendarViewSample.debug.xcconfig"; sourceTree = "<group>"; };
		FD87B79ECEBA0628CC9E1D8F /* Pods_BSCalendarViewSample.framework */ = {isa = PBXFileReference; explicitFileType = wrapper.framework; includeInIndex = 0; path = Pods_BSCalendarViewSample.framework; sourceTree = BUILT_PRODUCTS_DIR; };
/* End PBXFileReference section */

/* Begin PBXFrameworksBuildPhase section */
		84BDB1881CEF559F00D65C8F /* Frameworks */ = {
			isa = PBXFrameworksBuildPhase;
			buildActionMask = 2147483647;
			files = (
				648403FB3A58A255E0D649ED /* Pods_BSCalendarViewSample.framework in Frameworks */,
			);
			runOnlyForDeploymentPostprocessing = 0;
		};
/* End PBXFrameworksBuildPhase section */

/* Begin PBXGroup section */
		0DD25CEC5D12CA45741CA67D /* Pods */ = {
			isa = PBXGroup;
			children = (
				DD14B6C61C7738F5A94F97A3 /* Pods-BSCalendarViewSample.debug.xcconfig */,
				89838B4EB26D6886EDF3A9C4 /* Pods-BSCalendarViewSample.release.xcconfig */,
			);
			name = Pods;
			sourceTree = "<group>";
		};
		83383F0A1E9227463601535A /* Frameworks */ = {
			isa = PBXGroup;
			children = (
				FD87B79ECEBA0628CC9E1D8F /* Pods_BSCalendarViewSample.framework */,
			);
			name = Frameworks;
			sourceTree = "<group>";
		};
		84BDB1821CEF559F00D65C8F = {
			isa = PBXGroup;
			children = (
				84BDB18D1CEF559F00D65C8F /* BSCalendarViewSample */,
				84BDB18C1CEF559F00D65C8F /* Products */,
				0DD25CEC5D12CA45741CA67D /* Pods */,
				83383F0A1E9227463601535A /* Frameworks */,
			);
			sourceTree = "<group>";
		};
		84BDB18C1CEF559F00D65C8F /* Products */ = {
			isa = PBXGroup;
			children = (
				84BDB18B1CEF559F00D65C8F /* BSCalendarViewSample.app */,
			);
			name = Products;
			sourceTree = "<group>";
		};
		84BDB18D1CEF559F00D65C8F /* BSCalendarViewSample */ = {
			isa = PBXGroup;
			children = (
				84BDB18E1CEF559F00D65C8F /* AppDelegate.swift */,
				84BDB1901CEF559F00D65C8F /* ViewController.swift */,
				84BDB1B51CEFF13200D65C8F /* BSTableViewController.swift */,
				84BDB1B71CEFF13D00D65C8F /* BSViewController.swift */,
				84A5675D1D02BC5F007EC435 /* BSFallDownViewController.swift */,
				84BDB1A01CEF564500D65C8F /* BSCalendarView */,
				84BDB1921CEF559F00D65C8F /* Main.storyboard */,
				84BDB1951CEF559F00D65C8F /* Assets.xcassets */,
				84BDB1971CEF559F00D65C8F /* LaunchScreen.storyboard */,
				84BDB19A1CEF559F00D65C8F /* Info.plist */,
			);
			path = BSCalendarViewSample;
			sourceTree = "<group>";
		};
		84BDB1A01CEF564500D65C8F /* BSCalendarView */ = {
			isa = PBXGroup;
			children = (
				84BDB1A11CEF564500D65C8F /* BSCalendarDayCollectionCell.swift */,
				84BDB1A21CEF564500D65C8F /* BSCalendarDayCollectionReusableHeaderView.swift */,
				84BDB1A31CEF564500D65C8F /* BSCalendarDayItem.swift */,
				84BDB1A41CEF564500D65C8F /* BSCalendarItemManager.swift */,
				84BDB1A51CEF564500D65C8F /* BSCalendarMonthCollectionCell.swift */,
				84BDB1A61CEF564500D65C8F /* BSCalendarMonthItem.swift */,
				84BDB1A71CEF564500D65C8F /* BSCalendarView.swift */,
				84F15F251CFFD1E300B718F9 /* NSDate+BSExt.swift */,
				84BDB1A91CEF564500D65C8F /* UIView+BSExt.swift */,
			);
			path = BSCalendarView;
			sourceTree = "<group>";
		};
/* End PBXGroup section */

/* Begin PBXNativeTarget section */
		84BDB18A1CEF559F00D65C8F /* BSCalendarViewSample */ = {
			isa = PBXNativeTarget;
			buildConfigurationList = 84BDB19D1CEF559F00D65C8F /* Build configuration list for PBXNativeTarget "BSCalendarViewSample" */;
			buildPhases = (
				6DACACDFA009E9888BA9F073 /* [CP] Check Pods Manifest.lock */,
				84BDB1871CEF559F00D65C8F /* Sources */,
				84BDB1881CEF559F00D65C8F /* Frameworks */,
				84BDB1891CEF559F00D65C8F /* Resources */,
				82C26E157EF4A4526BE78E59 /* [CP] Embed Pods Frameworks */,
				0C523984D0EA81989EAF10F9 /* [CP] Copy Pods Resources */,
			);
			buildRules = (
			);
			dependencies = (
			);
			name = BSCalendarViewSample;
			productName = BSCalendarViewSample;
			productReference = 84BDB18B1CEF559F00D65C8F /* BSCalendarViewSample.app */;
			productType = "com.apple.product-type.application";
		};
/* End PBXNativeTarget section */

/* Begin PBXProject section */
		84BDB1831CEF559F00D65C8F /* Project object */ = {
			isa = PBXProject;
			attributes = {
				LastSwiftUpdateCheck = 0730;
				LastUpgradeCheck = 0730;
				ORGANIZATIONNAME = "张亚东";
				TargetAttributes = {
					84BDB18A1CEF559F00D65C8F = {
						CreatedOnToolsVersion = 7.3.1;
						LastSwiftMigration = 0830;
					};
				};
			};
			buildConfigurationList = 84BDB1861CEF559F00D65C8F /* Build configuration list for PBXProject "BSCalendarViewSample" */;
			compatibilityVersion = "Xcode 3.2";
			developmentRegion = English;
			hasScannedForEncodings = 0;
			knownRegions = (
				en,
				Base,
			);
			mainGroup = 84BDB1821CEF559F00D65C8F;
			productRefGroup = 84BDB18C1CEF559F00D65C8F /* Products */;
			projectDirPath = "";
			projectRoot = "";
			targets = (
				84BDB18A1CEF559F00D65C8F /* BSCalendarViewSample */,
			);
		};
/* End PBXProject section */

/* Begin PBXResourcesBuildPhase section */
		84BDB1891CEF559F00D65C8F /* Resources */ = {
			isa = PBXResourcesBuildPhase;
			buildActionMask = 2147483647;
			files = (
				84BDB1991CEF559F00D65C8F /* LaunchScreen.storyboard in Resources */,
				84BDB1961CEF559F00D65C8F /* Assets.xcassets in Resources */,
				84BDB1941CEF559F00D65C8F /* Main.storyboard in Resources */,
			);
			runOnlyForDeploymentPostprocessing = 0;
		};
/* End PBXResourcesBuildPhase section */

/* Begin PBXShellScriptBuildPhase section */
		0C523984D0EA81989EAF10F9 /* [CP] Copy Pods Resources */ = {
			isa = PBXShellScriptBuildPhase;
			buildActionMask = 2147483647;
			files = (
			);
			inputPaths = (
			);
			name = "[CP] Copy Pods Resources";
			outputPaths = (
			);
			runOnlyForDeploymentPostprocessing = 0;
			shellPath = /bin/sh;
			shellScript = "\"${SRCROOT}/Pods/Target Support Files/Pods-BSCalendarViewSample/Pods-BSCalendarViewSample-resources.sh\"\n";
			showEnvVarsInLog = 0;
		};
		6DACACDFA009E9888BA9F073 /* [CP] Check Pods Manifest.lock */ = {
			isa = PBXShellScriptBuildPhase;
			buildActionMask = 2147483647;
			files = (
			);
			inputPaths = (
			);
			name = "[CP] Check Pods Manifest.lock";
			outputPaths = (
			);
			runOnlyForDeploymentPostprocessing = 0;
			shellPath = /bin/sh;
			shellScript = "diff \"${PODS_PODFILE_DIR_PATH}/Podfile.lock\" \"${PODS_ROOT}/Manifest.lock\" > /dev/null\nif [ $? != 0 ] ; then\n    # print error to STDERR\n    echo \"error: The sandbox is not in sync with the Podfile.lock. Run 'pod install' or update your CocoaPods installation.\" >&2\n    exit 1\nfi\n";
			showEnvVarsInLog = 0;
		};
		82C26E157EF4A4526BE78E59 /* [CP] Embed Pods Frameworks */ = {
			isa = PBXShellScriptBuildPhase;
			buildActionMask = 2147483647;
			files = (
			);
			inputPaths = (
			);
			name = "[CP] Embed Pods Frameworks";
			outputPaths = (
			);
			runOnlyForDeploymentPostprocessing = 0;
			shellPath = /bin/sh;
			shellScript = "\"${SRCROOT}/Pods/Target Support Files/Pods-BSCalendarViewSample/Pods-BSCalendarViewSample-frameworks.sh\"\n";
			showEnvVarsInLog = 0;
		};
/* End PBXShellScriptBuildPhase section */

/* Begin PBXSourcesBuildPhase section */
		84BDB1871CEF559F00D65C8F /* Sources */ = {
			isa = PBXSourcesBuildPhase;
			buildActionMask = 2147483647;
			files = (
				84BDB1B01CEF564500D65C8F /* BSCalendarView.swift in Sources */,
				84BDB1B61CEFF13200D65C8F /* BSTableViewController.swift in Sources */,
				84BDB1AF1CEF564500D65C8F /* BSCalendarMonthItem.swift in Sources */,
				84BDB1AA1CEF564500D65C8F /* BSCalendarDayCollectionCell.swift in Sources */,
				84BDB1AC1CEF564500D65C8F /* BSCalendarDayItem.swift in Sources */,
				84BDB1AE1CEF564500D65C8F /* BSCalendarMonthCollectionCell.swift in Sources */,
				84BDB1911CEF559F00D65C8F /* ViewController.swift in Sources */,
				84BDB1AB1CEF564500D65C8F /* BSCalendarDayCollectionReusableHeaderView.swift in Sources */,
				84F15F261CFFD1E300B718F9 /* NSDate+BSExt.swift in Sources */,
				84BDB18F1CEF559F00D65C8F /* AppDelegate.swift in Sources */,
				84A5675E1D02BC5F007EC435 /* BSFallDownViewController.swift in Sources */,
				84BDB1B81CEFF13D00D65C8F /* BSViewController.swift in Sources */,
				84BDB1B21CEF564500D65C8F /* UIView+BSExt.swift in Sources */,
				84BDB1AD1CEF564500D65C8F /* BSCalendarItemManager.swift in Sources */,
			);
			runOnlyForDeploymentPostprocessing = 0;
		};
/* End PBXSourcesBuildPhase section */

/* Begin PBXVariantGroup section */
		84BDB1921CEF559F00D65C8F /* Main.storyboard */ = {
			isa = PBXVariantGroup;
			children = (
				84BDB1931CEF559F00D65C8F /* Base */,
			);
			name = Main.storyboard;
			sourceTree = "<group>";
		};
		84BDB1971CEF559F00D65C8F /* LaunchScreen.storyboard */ = {
			isa = PBXVariantGroup;
			children = (
				84BDB1981CEF559F00D65C8F /* Base */,
			);
			name = LaunchScreen.storyboard;
			sourceTree = "<group>";
		};
/* End PBXVariantGroup section */

/* Begin XCBuildConfiguration section */
		84BDB19B1CEF559F00D65C8F /* Debug */ = {
			isa = XCBuildConfiguration;
			buildSettings = {
				ALWAYS_SEARCH_USER_PATHS = NO;
				CLANG_ANALYZER_NONNULL = YES;
				CLANG_CXX_LANGUAGE_STANDARD = "gnu++0x";
				CLANG_CXX_LIBRARY = "libc++";
				CLANG_ENABLE_MODULES = YES;
				CLANG_ENABLE_OBJC_ARC = YES;
				CLANG_WARN_BOOL_CONVERSION = YES;
				CLANG_WARN_CONSTANT_CONVERSION = YES;
				CLANG_WARN_DIRECT_OBJC_ISA_USAGE = YES_ERROR;
				CLANG_WARN_EMPTY_BODY = YES;
				CLANG_WARN_ENUM_CONVERSION = YES;
				CLANG_WARN_INT_CONVERSION = YES;
				CLANG_WARN_OBJC_ROOT_CLASS = YES_ERROR;
				CLANG_WARN_UNREACHABLE_CODE = YES;
				CLANG_WARN__DUPLICATE_METHOD_MATCH = YES;
				"CODE_SIGN_IDENTITY[sdk=iphoneos*]" = "iPhone Developer";
				COPY_PHASE_STRIP = NO;
				DEBUG_INFORMATION_FORMAT = dwarf;
				ENABLE_STRICT_OBJC_MSGSEND = YES;
				ENABLE_TESTABILITY = YES;
				GCC_C_LANGUAGE_STANDARD = gnu99;
				GCC_DYNAMIC_NO_PIC = NO;
				GCC_NO_COMMON_BLOCKS = YES;
				GCC_OPTIMIZATION_LEVEL = 0;
				GCC_PREPROCESSOR_DEFINITIONS = (
					"DEBUG=1",
					"$(inherited)",
				);
				GCC_WARN_64_TO_32_BIT_CONVERSION = YES;
				GCC_WARN_ABOUT_RETURN_TYPE = YES_ERROR;
				GCC_WARN_UNDECLARED_SELECTOR = YES;
				GCC_WARN_UNINITIALIZED_AUTOS = YES_AGGRESSIVE;
				GCC_WARN_UNUSED_FUNCTION = YES;
				GCC_WARN_UNUSED_VARIABLE = YES;
				IPHONEOS_DEPLOYMENT_TARGET = 9.3;
				MTL_ENABLE_DEBUG_INFO = YES;
				ONLY_ACTIVE_ARCH = YES;
				SDKROOT = iphoneos;
				SWIFT_OPTIMIZATION_LEVEL = "-Onone";
			};
			name = Debug;
		};
		84BDB19C1CEF559F00D65C8F /* Release */ = {
			isa = XCBuildConfiguration;
			buildSettings = {
				ALWAYS_SEARCH_USER_PATHS = NO;
				CLANG_ANALYZER_NONNULL = YES;
				CLANG_CXX_LANGUAGE_STANDARD = "gnu++0x";
				CLANG_CXX_LIBRARY = "libc++";
				CLANG_ENABLE_MODULES = YES;
				CLANG_ENABLE_OBJC_ARC = YES;
				CLANG_WARN_BOOL_CONVERSION = YES;
				CLANG_WARN_CONSTANT_CONVERSION = YES;
				CLANG_WARN_DIRECT_OBJC_ISA_USAGE = YES_ERROR;
				CLANG_WARN_EMPTY_BODY = YES;
				CLANG_WARN_ENUM_CONVERSION = YES;
				CLANG_WARN_INT_CONVERSION = YES;
				CLANG_WARN_OBJC_ROOT_CLASS = YES_ERROR;
				CLANG_WARN_UNREACHABLE_CODE = YES;
				CLANG_WARN__DUPLICATE_METHOD_MATCH = YES;
				"CODE_SIGN_IDENTITY[sdk=iphoneos*]" = "iPhone Developer";
				COPY_PHASE_STRIP = NO;
				DEBUG_INFORMATION_FORMAT = "dwarf-with-dsym";
				ENABLE_NS_ASSERTIONS = NO;
				ENABLE_STRICT_OBJC_MSGSEND = YES;
				GCC_C_LANGUAGE_STANDARD = gnu99;
				GCC_NO_COMMON_BLOCKS = YES;
				GCC_WARN_64_TO_32_BIT_CONVERSION = YES;
				GCC_WARN_ABOUT_RETURN_TYPE = YES_ERROR;
				GCC_WARN_UNDECLARED_SELECTOR = YES;
				GCC_WARN_UNINITIALIZED_AUTOS = YES_AGGRESSIVE;
				GCC_WARN_UNUSED_FUNCTION = YES;
				GCC_WARN_UNUSED_VARIABLE = YES;
				IPHONEOS_DEPLOYMENT_TARGET = 9.3;
				MTL_ENABLE_DEBUG_INFO = NO;
				SDKROOT = iphoneos;
				VALIDATE_PRODUCT = YES;
			};
			name = Release;
		};
		84BDB19E1CEF559F00D65C8F /* Debug */ = {
			isa = XCBuildConfiguration;
			baseConfigurationReference = DD14B6C61C7738F5A94F97A3 /* Pods-BSCalendarViewSample.debug.xcconfig */;
			buildSettings = {
				ASSETCATALOG_COMPILER_APPICON_NAME = AppIcon;
				INFOPLIST_FILE = BSCalendarViewSample/Info.plist;
				LD_RUNPATH_SEARCH_PATHS = "$(inherited) @executable_path/Frameworks";
				PRODUCT_BUNDLE_IDENTIFIER = blurryssky.BSCalendarViewSample;
				PRODUCT_NAME = "$(TARGET_NAME)";
				SWIFT_VERSION = 3.0;
			};
			name = Debug;
		};
		84BDB19F1CEF559F00D65C8F /* Release */ = {
			isa = XCBuildConfiguration;
			baseConfigurationReference = 89838B4EB26D6886EDF3A9C4 /* Pods-BSCalendarViewSample.release.xcconfig */;
			buildSettings = {
				ASSETCATALOG_COMPILER_APPICON_NAME = AppIcon;
				INFOPLIST_FILE = BSCalendarViewSample/Info.plist;
				LD_RUNPATH_SEARCH_PATHS = "$(inherited) @executable_path/Frameworks";
				PRODUCT_BUNDLE_IDENTIFIER = blurryssky.BSCalendarViewSample;
				PRODUCT_NAME = "$(TARGET_NAME)";
				SWIFT_VERSION = 3.0;
			};
			name = Release;
		};
/* End XCBuildConfiguration section */

/* Begin XCConfigurationList section */
		84BDB1861CEF559F00D65C8F /* Build configuration list for PBXProject "BSCalendarViewSample" */ = {
			isa = XCConfigurationList;
			buildConfigurations = (
				84BDB19B1CEF559F00D65C8F /* Debug */,
				84BDB19C1CEF559F00D65C8F /* Release */,
			);
			defaultConfigurationIsVisible = 0;
			defaultConfigurationName = Release;
		};
		84BDB19D1CEF559F00D65C8F /* Build configuration list for PBXNativeTarget "BSCalendarViewSample" */ = {
			isa = XCConfigurationList;
			buildConfigurations = (
				84BDB19E1CEF559F00D65C8F /* Debug */,
				84BDB19F1CEF559F00D65C8F /* Release */,
			);
			defaultConfigurationIsVisible = 0;
			defaultConfigurationName = Release;
		};
/* End XCConfigurationList section */
	};
	rootObject = 84BDB1831CEF559F00D65C8F /* Project object */;
}
